// !$*UTF8*$!
{
	archiveVersion = 1;
	classes = {
	};
	objectVersion = 51;
	objects = {

/* Begin PBXBuildFile section */
		613C70E74C646B8926A01FB3 /* Pods_FlutterConnectSwift.framework in Frameworks */ = {isa = PBXBuildFile; fileRef = B0E2C305E295768D23A9EA12 /* Pods_FlutterConnectSwift.framework */; };
		9727EF4E238E214900A8B86E /* AppDelegate.swift in Sources */ = {isa = PBXBuildFile; fileRef = 9727EF4D238E214900A8B86E /* AppDelegate.swift */; };
		9727EF52238E214900A8B86E /* ViewController.swift in Sources */ = {isa = PBXBuildFile; fileRef = 9727EF51238E214900A8B86E /* ViewController.swift */; };
		9727EF55238E214900A8B86E /* Main.storyboard in Resources */ = {isa = PBXBuildFile; fileRef = 9727EF53238E214900A8B86E /* Main.storyboard */; };
		9727EF57238E214B00A8B86E /* Assets.xcassets in Resources */ = {isa = PBXBuildFile; fileRef = 9727EF56238E214B00A8B86E /* Assets.xcassets */; };
		9727EF5A238E214B00A8B86E /* LaunchScreen.storyboard in Resources */ = {isa = PBXBuildFile; fileRef = 9727EF58238E214B00A8B86E /* LaunchScreen.storyboard */; };
		9727EF62238E48D000A8B86E /* Test1ViewController.swift in Sources */ = {isa = PBXBuildFile; fileRef = 9727EF61238E48D000A8B86E /* Test1ViewController.swift */; };
/* End PBXBuildFile section */

/* Begin PBXFileReference section */
		52A10679D4FAA0404B68A491 /* Pods-FlutterConnectSwift.release.xcconfig */ = {isa = PBXFileReference; includeInIndex = 1; lastKnownFileType = text.xcconfig; name = "Pods-FlutterConnectSwift.release.xcconfig"; path = "Target Support Files/Pods-FlutterConnectSwift/Pods-FlutterConnectSwift.release.xcconfig"; sourceTree = "<group>"; };
		9727EF4A238E214900A8B86E /* FlutterConnectSwift.app */ = {isa = PBXFileReference; explicitFileType = wrapper.application; includeInIndex = 0; path = FlutterConnectSwift.app; sourceTree = BUILT_PRODUCTS_DIR; };
		9727EF4D238E214900A8B86E /* AppDelegate.swift */ = {isa = PBXFileReference; lastKnownFileType = sourcecode.swift; path = AppDelegate.swift; sourceTree = "<group>"; };
		9727EF51238E214900A8B86E /* ViewController.swift */ = {isa = PBXFileReference; lastKnownFileType = sourcecode.swift; path = ViewController.swift; sourceTree = "<group>"; };
		9727EF54238E214900A8B86E /* Base */ = {isa = PBXFileReference; lastKnownFileType = file.storyboard; name = Base; path = Base.lproj/Main.storyboard; sourceTree = "<group>"; };
		9727EF56238E214B00A8B86E /* Assets.xcassets */ = {isa = PBXFileReference; lastKnownFileType = folder.assetcatalog; path = Assets.xcassets; sourceTree = "<group>"; };
		9727EF59238E214B00A8B86E /* Base */ = {isa = PBXFileReference; lastKnownFileType = file.storyboard; name = Base; path = Base.lproj/LaunchScreen.storyboard; sourceTree = "<group>"; };
		9727EF5B238E214B00A8B86E /* Info.plist */ = {isa = PBXFileReference; lastKnownFileType = text.plist.xml; path = Info.plist; sourceTree = "<group>"; };
		9727EF61238E48D000A8B86E /* Test1ViewController.swift */ = {isa = PBXFileReference; lastKnownFileType = sourcecode.swift; path = Test1ViewController.swift; sourceTree = "<group>"; };
		B0E2C305E295768D23A9EA12 /* Pods_FlutterConnectSwift.framework */ = {isa = PBXFileReference; explicitFileType = wrapper.framework; includeInIndex = 0; path = Pods_FlutterConnectSwift.framework; sourceTree = BUILT_PRODUCTS_DIR; };
		CDF659536AF9E3958527630A /* Pods-FlutterConnectSwift.debug.xcconfig */ = {isa = PBXFileReference; includeInIndex = 1; lastKnownFileType = text.xcconfig; name = "Pods-FlutterConnectSwift.debug.xcconfig"; path = "Target Support Files/Pods-FlutterConnectSwift/Pods-FlutterConnectSwift.debug.xcconfig"; sourceTree = "<group>"; };
/* End PBXFileReference section */

/* Begin PBXFrameworksBuildPhase section */
		9727EF47238E214900A8B86E /* Frameworks */ = {
			isa = PBXFrameworksBuildPhase;
			buildActionMask = 2147483647;
			files = (
				613C70E74C646B8926A01FB3 /* Pods_FlutterConnectSwift.framework in Frameworks */,
			);
			runOnlyForDeploymentPostprocessing = 0;
		};
/* End PBXFrameworksBuildPhase section */

/* Begin PBXGroup section */
		65749FE5BF5D2F5FA7B9C26F /* Pods */ = {
			isa = PBXGroup;
			children = (
				CDF659536AF9E3958527630A /* Pods-FlutterConnectSwift.debug.xcconfig */,
				52A10679D4FAA0404B68A491 /* Pods-FlutterConnectSwift.release.xcconfig */,
			);
			path = Pods;
			sourceTree = "<group>";
		};
		9727EF41238E214900A8B86E = {
			isa = PBXGroup;
			children = (
				9727EF4C238E214900A8B86E /* FlutterConnectSwift */,
				9727EF4B238E214900A8B86E /* Products */,
				65749FE5BF5D2F5FA7B9C26F /* Pods */,
				BB6A28CB8EF14C4348ADB876 /* Frameworks */,
			);
			sourceTree = "<group>";
		};
		9727EF4B238E214900A8B86E /* Products */ = {
			isa = PBXGroup;
			children = (
				9727EF4A238E214900A8B86E /* FlutterConnectSwift.app */,
			);
			name = Products;
			sourceTree = "<group>";
		};
		9727EF4C238E214900A8B86E /* FlutterConnectSwift */ = {
			isa = PBXGroup;
			children = (
				9727EF4D238E214900A8B86E /* AppDelegate.swift */,
				9727EF51238E214900A8B86E /* ViewController.swift */,
				9727EF61238E48D000A8B86E /* Test1ViewController.swift */,
				9727EF53238E214900A8B86E /* Main.storyboard */,
				9727EF56238E214B00A8B86E /* Assets.xcassets */,
				9727EF58238E214B00A8B86E /* LaunchScreen.storyboard */,
				9727EF5B238E214B00A8B86E /* Info.plist */,
			);
			path = FlutterConnectSwift;
			sourceTree = "<group>";
		};
		BB6A28CB8EF14C4348ADB876 /* Frameworks */ = {
			isa = PBXGroup;
			children = (
				B0E2C305E295768D23A9EA12 /* Pods_FlutterConnectSwift.framework */,
			);
			name = Frameworks;
			sourceTree = "<group>";
		};
/* End PBXGroup section */

/* Begin PBXNativeTarget section */
		9727EF49238E214900A8B86E /* FlutterConnectSwift */ = {
			isa = PBXNativeTarget;
			buildConfigurationList = 9727EF5E238E214B00A8B86E /* Build configuration list for PBXNativeTarget "FlutterConnectSwift" */;
			buildPhases = (
				29821ACF69BB481627E83C09 /* [CP] Check Pods Manifest.lock */,
				31D59EA456B6CFF6CFF15679 /* [CP-User] Run Flutter Build Script */,
				9727EF46238E214900A8B86E /* Sources */,
				9727EF47238E214900A8B86E /* Frameworks */,
				9727EF48238E214900A8B86E /* Resources */,
				45AFB5F0C6A86889D4618E42 /* [CP] Embed Pods Frameworks */,
			);
			buildRules = (
			);
			dependencies = (
			);
			name = FlutterConnectSwift;
			productName = FlutterConnectSwift;
			productReference = 9727EF4A238E214900A8B86E /* FlutterConnectSwift.app */;
			productType = "com.apple.product-type.application";
		};
/* End PBXNativeTarget section */

/* Begin PBXProject section */
		9727EF42238E214900A8B86E /* Project object */ = {
			isa = PBXProject;
			attributes = {
				LastSwiftUpdateCheck = 1100;
				LastUpgradeCheck = 1100;
				ORGANIZATIONNAME = zhaojingyu;
				TargetAttributes = {
					9727EF49238E214900A8B86E = {
						CreatedOnToolsVersion = 11.0;
					};
				};
			};
			buildConfigurationList = 9727EF45238E214900A8B86E /* Build configuration list for PBXProject "FlutterConnectSwift" */;
			compatibilityVersion = "Xcode 9.3";
			developmentRegion = en;
			hasScannedForEncodings = 0;
			knownRegions = (
				en,
				Base,
			);
			mainGroup = 9727EF41238E214900A8B86E;
			productRefGroup = 9727EF4B238E214900A8B86E /* Products */;
			projectDirPath = "";
			projectRoot = "";
			targets = (
				9727EF49238E214900A8B86E /* FlutterConnectSwift */,
			);
		};
/* End PBXProject section */

/* Begin PBXResourcesBuildPhase section */
		9727EF48238E214900A8B86E /* Resources */ = {
			isa = PBXResourcesBuildPhase;
			buildActionMask = 2147483647;
			files = (
				9727EF5A238E214B00A8B86E /* LaunchScreen.storyboard in Resources */,
				9727EF57238E214B00A8B86E /* Assets.xcassets in Resources */,
				9727EF55238E214900A8B86E /* Main.storyboard in Resources */,
			);
			runOnlyForDeploymentPostprocessing = 0;
		};
/* End PBXResourcesBuildPhase section */

/* Begin PBXShellScriptBuildPhase section */
		29821ACF69BB481627E83C09 /* [CP] Check Pods Manifest.lock */ = {
			isa = PBXShellScriptBuildPhase;
			buildActionMask = 2147483647;
			files = (
			);
			inputFileListPaths = (
			);
			inputPaths = (
				"${PODS_PODFILE_DIR_PATH}/Podfile.lock",
				"${PODS_ROOT}/Manifest.lock",
			);
			name = "[CP] Check Pods Manifest.lock";
			outputFileListPaths = (
			);
			outputPaths = (
				"$(DERIVED_FILE_DIR)/Pods-FlutterConnectSwift-checkManifestLockResult.txt",
			);
			runOnlyForDeploymentPostprocessing = 0;
			shellPath = /bin/sh;
			shellScript = "diff \"${PODS_PODFILE_DIR_PATH}/Podfile.lock\" \"${PODS_ROOT}/Manifest.lock\" > /dev/null\nif [ $? != 0 ] ; then\n    # print error to STDERR\n    echo \"error: The sandbox is not in sync with the Podfile.lock. Run 'pod install' or update your CocoaPods installation.\" >&2\n    exit 1\nfi\n# This output is used by Xcode 'outputs' to avoid re-running this script phase.\necho \"SUCCESS\" > \"${SCRIPT_OUTPUT_FILE_0}\"\n";
			showEnvVarsInLog = 0;
		};
		31D59EA456B6CFF6CFF15679 /* [CP-User] Run Flutter Build Script */ = {
			isa = PBXShellScriptBuildPhase;
			buildActionMask = 2147483647;
			files = (
			);
			inputPaths = (
				"${SRCROOT}/../my_flutter/.metadata",
				"${SRCROOT}/../my_flutter/.ios/Flutter/App.framework/App",
				"${SRCROOT}/../my_flutter/.ios/Flutter/engine/Flutter.framework/Flutter",
				"${SRCROOT}/../my_flutter/.ios/Flutter/flutter_export_environment.sh",
			);
			name = "[CP-User] Run Flutter Build Script";
			runOnlyForDeploymentPostprocessing = 0;
			shellPath = /bin/sh;
			shellScript = "set -e\nset -u\nsource \"${SRCROOT}/../my_flutter/.ios/Flutter/flutter_export_environment.sh\"\n\"$FLUTTER_ROOT\"/packages/flutter_tools/bin/xcode_backend.sh build";
		};
		45AFB5F0C6A86889D4618E42 /* [CP] Embed Pods Frameworks */ = {
			isa = PBXShellScriptBuildPhase;
			buildActionMask = 2147483647;
			files = (
			);
			inputFileListPaths = (
				"${PODS_ROOT}/Target Support Files/Pods-FlutterConnectSwift/Pods-FlutterConnectSwift-frameworks-${CONFIGURATION}-input-files.xcfilelist",
			);
			name = "[CP] Embed Pods Frameworks";
			outputFileListPaths = (
				"${PODS_ROOT}/Target Support Files/Pods-FlutterConnectSwift/Pods-FlutterConnectSwift-frameworks-${CONFIGURATION}-output-files.xcfilelist",
			);
			runOnlyForDeploymentPostprocessing = 0;
			shellPath = /bin/sh;
			shellScript = "\"${PODS_ROOT}/Target Support Files/Pods-FlutterConnectSwift/Pods-FlutterConnectSwift-frameworks.sh\"\n";
			showEnvVarsInLog = 0;
		};
/* End PBXShellScriptBuildPhase section */

/* Begin PBXSourcesBuildPhase section */
		9727EF46238E214900A8B86E /* Sources */ = {
			isa = PBXSourcesBuildPhase;
			buildActionMask = 2147483647;
			files = (
				9727EF62238E48D000A8B86E /* Test1ViewController.swift in Sources */,
				9727EF52238E214900A8B86E /* ViewController.swift in Sources */,
				9727EF4E238E214900A8B86E /* AppDelegate.swift in Sources */,
			);
			runOnlyForDeploymentPostprocessing = 0;
		};
/* End PBXSourcesBuildPhase section */

/* Begin PBXVariantGroup section */
		9727EF53238E214900A8B86E /* Main.storyboard */ = {
			isa = PBXVariantGroup;
			children = (
				9727EF54238E214900A8B86E /* Base */,
			);
			name = Main.storyboard;
			sourceTree = "<group>";
		};
		9727EF58238E214B00A8B86E /* LaunchScreen.storyboard */ = {
			isa = PBXVariantGroup;
			children = (
				9727EF59238E214B00A8B86E /* Base */,
			);
			name = LaunchScreen.storyboard;
			sourceTree = "<group>";
		};
/* End PBXVariantGroup section */

/* Begin XCBuildConfiguration section */
		9727EF5C238E214B00A8B86E /* Debug */ = {
			isa = XCBuildConfiguration;
			buildSettings = {
				ALWAYS_SEARCH_USER_PATHS = NO;
				CLANG_ANALYZER_NONNULL = YES;
				CLANG_ANALYZER_NUMBER_OBJECT_CONVERSION = YES_AGGRESSIVE;
				CLANG_CXX_LANGUAGE_STANDARD = "gnu++14";
				CLANG_CXX_LIBRARY = "libc++";
				CLANG_ENABLE_MODULES = YES;
				CLANG_ENABLE_OBJC_ARC = YES;
				CLANG_ENABLE_OBJC_WEAK = YES;
				CLANG_WARN_BLOCK_CAPTURE_AUTORELEASING = YES;
				CLANG_WARN_BOOL_CONVERSION = YES;
				CLANG_WARN_COMMA = YES;
				CLANG_WARN_CONSTANT_CONVERSION = YES;
				CLANG_WARN_DEPRECATED_OBJC_IMPLEMENTATIONS = YES;
				CLANG_WARN_DIRECT_OBJC_ISA_USAGE = YES_ERROR;
				CLANG_WARN_DOCUMENTATION_COMMENTS = YES;
				CLANG_WARN_EMPTY_BODY = YES;
				CLANG_WARN_ENUM_CONVERSION = YES;
				CLANG_WARN_INFINITE_RECURSION = YES;
				CLANG_WARN_INT_CONVERSION = YES;
				CLANG_WARN_NON_LITERAL_NULL_CONVERSION = YES;
				CLANG_WARN_OBJC_IMPLICIT_RETAIN_SELF = YES;
				CLANG_WARN_OBJC_LITERAL_CONVERSION = YES;
				CLANG_WARN_OBJC_ROOT_CLASS = YES_ERROR;
				CLANG_WARN_RANGE_LOOP_ANALYSIS = YES;
				CLANG_WARN_STRICT_PROTOTYPES = YES;
				CLANG_WARN_SUSPICIOUS_MOVE = YES;
				CLANG_WARN_UNGUARDED_AVAILABILITY = YES_AGGRESSIVE;
				CLANG_WARN_UNREACHABLE_CODE = YES;
				CLANG_WARN__DUPLICATE_METHOD_MATCH = YES;
				COPY_PHASE_STRIP = NO;
				DEBUG_INFORMATION_FORMAT = dwarf;
				ENABLE_STRICT_OBJC_MSGSEND = YES;
				ENABLE_TESTABILITY = YES;
				GCC_C_LANGUAGE_STANDARD = gnu11;
				GCC_DYNAMIC_NO_PIC = NO;
				GCC_NO_COMMON_BLOCKS = YES;
				GCC_OPTIMIZATION_LEVEL = 0;
				GCC_PREPROCESSOR_DEFINITIONS = (
					"DEBUG=1",
					"$(inherited)",
				);
				GCC_WARN_64_TO_32_BIT_CONVERSION = YES;
				GCC_WARN_ABOUT_RETURN_TYPE = YES_ERROR;
				GCC_WARN_UNDECLARED_SELECTOR = YES;
				GCC_WARN_UNINITIALIZED_AUTOS = YES_AGGRESSIVE;
				GCC_WARN_UNUSED_FUNCTION = YES;
				GCC_WARN_UNUSED_VARIABLE = YES;
				IPHONEOS_DEPLOYMENT_TARGET = 13.0;
				MTL_ENABLE_DEBUG_INFO = INCLUDE_SOURCE;
				MTL_FAST_MATH = YES;
				ONLY_ACTIVE_ARCH = YES;
				SDKROOT = iphoneos;
				SWIFT_ACTIVE_COMPILATION_CONDITIONS = DEBUG;
				SWIFT_OPTIMIZATION_LEVEL = "-Onone";
			};
			name = Debug;
		};
		9727EF5D238E214B00A8B86E /* Release */ = {
			isa = XCBuildConfiguration;
			buildSettings = {
				ALWAYS_SEARCH_USER_PATHS = NO;
				CLANG_ANALYZER_NONNULL = YES;
				CLANG_ANALYZER_NUMBER_OBJECT_CONVERSION = YES_AGGRESSIVE;
				CLANG_CXX_LANGUAGE_STANDARD = "gnu++14";
				CLANG_CXX_LIBRARY = "libc++";
				CLANG_ENABLE_MODULES = YES;
				CLANG_ENABLE_OBJC_ARC = YES;
				CLANG_ENABLE_OBJC_WEAK = YES;
				CLANG_WARN_BLOCK_CAPTURE_AUTORELEASING = YES;
				CLANG_WARN_BOOL_CONVERSION = YES;
				CLANG_WARN_COMMA = YES;
				CLANG_WARN_CONSTANT_CONVERSION = YES;
				CLANG_WARN_DEPRECATED_OBJC_IMPLEMENTATIONS = YES;
				CLANG_WARN_DIRECT_OBJC_ISA_USAGE = YES_ERROR;
				CLANG_WARN_DOCUMENTATION_COMMENTS = YES;
				CLANG_WARN_EMPTY_BODY = YES;
				CLANG_WARN_ENUM_CONVERSION = YES;
				CLANG_WARN_INFINITE_RECURSION = YES;
				CLANG_WARN_INT_CONVERSION = YES;
				CLANG_WARN_NON_LITERAL_NULL_CONVERSION = YES;
				CLANG_WARN_OBJC_IMPLICIT_RETAIN_SELF = YES;
				CLANG_WARN_OBJC_LITERAL_CONVERSION = YES;
				CLANG_WARN_OBJC_ROOT_CLASS = YES_ERROR;
				CLANG_WARN_RANGE_LOOP_ANALYSIS = YES;
				CLANG_WARN_STRICT_PROTOTYPES = YES;
				CLANG_WARN_SUSPICIOUS_MOVE = YES;
				CLANG_WARN_UNGUARDED_AVAILABILITY = YES_AGGRESSIVE;
				CLANG_WARN_UNREACHABLE_CODE = YES;
				CLANG_WARN__DUPLICATE_METHOD_MATCH = YES;
				COPY_PHASE_STRIP = NO;
				DEBUG_INFORMATION_FORMAT = "dwarf-with-dsym";
				ENABLE_NS_ASSERTIONS = NO;
				ENABLE_STRICT_OBJC_MSGSEND = YES;
				GCC_C_LANGUAGE_STANDARD = gnu11;
				GCC_NO_COMMON_BLOCKS = YES;
				GCC_WARN_64_TO_32_BIT_CONVERSION = YES;
				GCC_WARN_ABOUT_RETURN_TYPE = YES_ERROR;
				GCC_WARN_UNDECLARED_SELECTOR = YES;
				GCC_WARN_UNINITIALIZED_AUTOS = YES_AGGRESSIVE;
				GCC_WARN_UNUSED_FUNCTION = YES;
				GCC_WARN_UNUSED_VARIABLE = YES;
				IPHONEOS_DEPLOYMENT_TARGET = 13.0;
				MTL_ENABLE_DEBUG_INFO = NO;
				MTL_FAST_MATH = YES;
				SDKROOT = iphoneos;
				SWIFT_COMPILATION_MODE = wholemodule;
				SWIFT_OPTIMIZATION_LEVEL = "-O";
				VALIDATE_PRODUCT = YES;
			};
			name = Release;
		};
		9727EF5F238E214B00A8B86E /* Debug */ = {
			isa = XCBuildConfiguration;
			baseConfigurationReference = CDF659536AF9E3958527630A /* Pods-FlutterConnectSwift.debug.xcconfig */;
			buildSettings = {
				ASSETCATALOG_COMPILER_APPICON_NAME = AppIcon;
				CODE_SIGN_STYLE = Automatic;
				INFOPLIST_FILE = FlutterConnectSwift/Info.plist;
				LD_RUNPATH_SEARCH_PATHS = (
					"$(inherited)",
					"@executable_path/Frameworks",
				);
				PRODUCT_BUNDLE_IDENTIFIER = xmly.FlutterConnectSwift;
				PRODUCT_NAME = "$(TARGET_NAME)";
				SWIFT_VERSION = 5.0;
				TARGETED_DEVICE_FAMILY = 1;
			};
			name = Debug;
		};
		9727EF60238E214B00A8B86E /* Release */ = {
			isa = XCBuildConfiguration;
			baseConfigurationReference = 52A10679D4FAA0404B68A491 /* Pods-FlutterConnectSwift.release.xcconfig */;
			buildSettings = {
				ASSETCATALOG_COMPILER_APPICON_NAME = AppIcon;
				CODE_SIGN_STYLE = Automatic;
				INFOPLIST_FILE = FlutterConnectSwift/Info.plist;
				LD_RUNPATH_SEARCH_PATHS = (
					"$(inherited)",
					"@executable_path/Frameworks",
				);
				PRODUCT_BUNDLE_IDENTIFIER = xmly.FlutterConnectSwift;
				PRODUCT_NAME = "$(TARGET_NAME)";
				SWIFT_VERSION = 5.0;
				TARGETED_DEVICE_FAMILY = 1;
			};
			name = Release;
		};
/* End XCBuildConfiguration section */

/* Begin XCConfigurationList section */
		9727EF45238E214900A8B86E /* Build configuration list for PBXProject "FlutterConnectSwift" */ = {
			isa = XCConfigurationList;
			buildConfigurations = (
				9727EF5C238E214B00A8B86E /* Debug */,
				9727EF5D238E214B00A8B86E /* Release */,
			);
			defaultConfigurationIsVisible = 0;
			defaultConfigurationName = Release;
		};
		9727EF5E238E214B00A8B86E /* Build configuration list for PBXNativeTarget "FlutterConnectSwift" */ = {
			isa = XCConfigurationList;
			buildConfigurations = (
				9727EF5F238E214B00A8B86E /* Debug */,
				9727EF60238E214B00A8B86E /* Release */,
			);
			defaultConfigurationIsVisible = 0;
			defaultConfigurationName = Release;
		};
/* End XCConfigurationList section */
	};
	rootObject = 9727EF42238E214900A8B86E /* Project object */;
}
